
Microsoft Visual Studio Solution File, Format Version 12.00
# Visual Studio 2012
Project("{FAE04EC0-301F-11D3-BF4B-00C04F79EFBC}") = "WpfControlsAndAPIs", "WpfControlsAndAPIs\WpfControlsAndAPIs.csproj", "{B37E27B1-3ACB-43B3-9AD3-F5B4E6CD7C23}"
EndProject
Global
	GlobalSection(SolutionConfigurationPlatforms) = preSolution
		Debug|Any CPU = Debug|Any CPU
		Debug|x86 = Debug|x86
		Release|Any CPU = Release|Any CPU
		Release|x86 = Release|x86
	EndGlobalSection
	GlobalSection(ProjectConfigurationPlatforms) = postSolution
		{B37E27B1-3ACB-43B3-9AD3-F5B4E6CD7C23}.Debug|Any CPU.ActiveCfg = Debug|Any CPU
		{B37E27B1-3ACB-43B3-9AD3-F5B4E6CD7C23}.Debug|Any CPU.Build.0 = Debug|Any CPU
		{B37E27B1-3ACB-43B3-9AD3-F5B4E6CD7C23}.Debug|x86.ActiveCfg = Debug|Any CPU
		{B37E27B1-3ACB-43B3-9AD3-F5B4E6CD7C23}.Release|Any CPU.ActiveCfg = Release|Any CPU
		{B37E27B1-3ACB-43B3-9AD3-F5B4E6CD7C23}.Release|Any CPU.Build.0 = Release|Any CPU
		{B37E27B1-3ACB-43B3-9AD3-F5B4E6CD7C23}.Release|x86.ActiveCfg = Release|Any CPU
	EndGlobalSection
	GlobalSection(SolutionProperties) = preSolution
		HideSolutionNode = FALSE
	EndGlobalSection
EndGlobal
