
Microsoft Visual Studio Solution File, Format Version 12.00
# Visual Studio 11
Project("{FAE04EC0-301F-11D3-BF4B-00C04F79EFBC}") = "PrimAndProperCarEvents", "PrimAndProperCarEvents.csproj", "{26657C16-7D77-4013-A94B-85A699910672}"
EndProject
Global
	GlobalSection(SolutionConfigurationPlatforms) = preSolution
		Debug|Any CPU = Debug|Any CPU
		Release|Any CPU = Release|Any CPU
	EndGlobalSection
	GlobalSection(ProjectConfigurationPlatforms) = postSolution
		{26657C16-7D77-4013-A94B-85A699910672}.Debug|Any CPU.ActiveCfg = Debug|Any CPU
		{26657C16-7D77-4013-A94B-85A699910672}.Debug|Any CPU.Build.0 = Debug|Any CPU
		{26657C16-7D77-4013-A94B-85A699910672}.Release|Any CPU.ActiveCfg = Release|Any CPU
		{26657C16-7D77-4013-A94B-85A699910672}.Release|Any CPU.Build.0 = Release|Any CPU
	EndGlobalSection
	GlobalSection(SolutionProperties) = preSolution
		HideSolutionNode = FALSE
	EndGlobalSection
EndGlobal
