
Microsoft Visual Studio Solution File, Format Version 12.00
# Visual Studio 11
Project("{FAE04EC0-301F-11D3-BF4B-00C04F79EFBC}") = "GenericPrimAndProperCarEvents", "GenericPrimAndProperCarEvents.csproj", "{BD68AB4E-2840-483C-8C17-7C268DD77E82}"
EndProject
Global
	GlobalSection(SolutionConfigurationPlatforms) = preSolution
		Debug|Any CPU = Debug|Any CPU
		Release|Any CPU = Release|Any CPU
	EndGlobalSection
	GlobalSection(ProjectConfigurationPlatforms) = postSolution
		{BD68AB4E-2840-483C-8C17-7C268DD77E82}.Debug|Any CPU.ActiveCfg = Debug|Any CPU
		{BD68AB4E-2840-483C-8C17-7C268DD77E82}.Debug|Any CPU.Build.0 = Debug|Any CPU
		{BD68AB4E-2840-483C-8C17-7C268DD77E82}.Release|Any CPU.ActiveCfg = Release|Any CPU
		{BD68AB4E-2840-483C-8C17-7C268DD77E82}.Release|Any CPU.Build.0 = Release|Any CPU
	EndGlobalSection
	GlobalSection(SolutionProperties) = preSolution
		HideSolutionNode = FALSE
	EndGlobalSection
EndGlobal
