
Microsoft Visual Studio Solution File, Format Version 12.00
# Visual Studio 11
Project("{FAE04EC0-301F-11D3-BF4B-00C04F79EFBC}") = "SharedCarLibClient", "SharedCarLibClient.csproj", "{9AB7B0F4-571D-424F-8CDD-418FED995229}"
EndProject
Global
	GlobalSection(SolutionConfigurationPlatforms) = preSolution
		Debug|Any CPU = Debug|Any CPU
		Release|Any CPU = Release|Any CPU
	EndGlobalSection
	GlobalSection(ProjectConfigurationPlatforms) = postSolution
		{9AB7B0F4-571D-424F-8CDD-418FED995229}.Debug|Any CPU.ActiveCfg = Debug|Any CPU
		{9AB7B0F4-571D-424F-8CDD-418FED995229}.Debug|Any CPU.Build.0 = Debug|Any CPU
		{9AB7B0F4-571D-424F-8CDD-418FED995229}.Release|Any CPU.ActiveCfg = Release|Any CPU
		{9AB7B0F4-571D-424F-8CDD-418FED995229}.Release|Any CPU.Build.0 = Release|Any CPU
	EndGlobalSection
	GlobalSection(SolutionProperties) = preSolution
		HideSolutionNode = FALSE
	EndGlobalSection
EndGlobal
