
Microsoft Visual Studio Solution File, Format Version 12.00
# Visual Studio 11
Project("{FAE04EC0-301F-11D3-BF4B-00C04F79EFBC}") = "CarEvents", "CarEvents.csproj", "{9E262D44-34E9-4718-A4DD-06F572E321D0}"
EndProject
Global
	GlobalSection(SolutionConfigurationPlatforms) = preSolution
		Debug|Any CPU = Debug|Any CPU
		Release|Any CPU = Release|Any CPU
	EndGlobalSection
	GlobalSection(ProjectConfigurationPlatforms) = postSolution
		{9E262D44-34E9-4718-A4DD-06F572E321D0}.Debug|Any CPU.ActiveCfg = Debug|Any CPU
		{9E262D44-34E9-4718-A4DD-06F572E321D0}.Debug|Any CPU.Build.0 = Debug|Any CPU
		{9E262D44-34E9-4718-A4DD-06F572E321D0}.Release|Any CPU.ActiveCfg = Release|Any CPU
		{9E262D44-34E9-4718-A4DD-06F572E321D0}.Release|Any CPU.Build.0 = Release|Any CPU
	EndGlobalSection
	GlobalSection(SolutionProperties) = preSolution
		HideSolutionNode = FALSE
	EndGlobalSection
EndGlobal
