
Microsoft Visual Studio Solution File, Format Version 12.00
# Visual Studio 11
Project("{FAE04EC0-301F-11D3-BF4B-00C04F79EFBC}") = "LinqRetValues", "LinqRetValues.csproj", "{77C2EF1A-AA9B-40C8-A0C6-409FCBD6C709}"
EndProject
Global
	GlobalSection(SolutionConfigurationPlatforms) = preSolution
		Debug|Any CPU = Debug|Any CPU
		Release|Any CPU = Release|Any CPU
	EndGlobalSection
	GlobalSection(ProjectConfigurationPlatforms) = postSolution
		{77C2EF1A-AA9B-40C8-A0C6-409FCBD6C709}.Debug|Any CPU.ActiveCfg = Debug|Any CPU
		{77C2EF1A-AA9B-40C8-A0C6-409FCBD6C709}.Debug|Any CPU.Build.0 = Debug|Any CPU
		{77C2EF1A-AA9B-40C8-A0C6-409FCBD6C709}.Release|Any CPU.ActiveCfg = Release|Any CPU
		{77C2EF1A-AA9B-40C8-A0C6-409FCBD6C709}.Release|Any CPU.Build.0 = Release|Any CPU
	EndGlobalSection
	GlobalSection(SolutionProperties) = preSolution
		HideSolutionNode = FALSE
	EndGlobalSection
EndGlobal
