
Microsoft Visual Studio Solution File, Format Version 12.00
# Visual Studio 11
Project("{FAE04EC0-301F-11D3-BF4B-00C04F79EFBC}") = "EmployeeApp", "EmployeeApp.csproj", "{97639952-B44F-4830-945D-9F3366F6307F}"
EndProject
Global
	GlobalSection(SolutionConfigurationPlatforms) = preSolution
		Debug|Any CPU = Debug|Any CPU
		Release|Any CPU = Release|Any CPU
	EndGlobalSection
	GlobalSection(ProjectConfigurationPlatforms) = postSolution
		{97639952-B44F-4830-945D-9F3366F6307F}.Debug|Any CPU.ActiveCfg = Debug|Any CPU
		{97639952-B44F-4830-945D-9F3366F6307F}.Debug|Any CPU.Build.0 = Debug|Any CPU
		{97639952-B44F-4830-945D-9F3366F6307F}.Release|Any CPU.ActiveCfg = Release|Any CPU
		{97639952-B44F-4830-945D-9F3366F6307F}.Release|Any CPU.Build.0 = Release|Any CPU
	EndGlobalSection
	GlobalSection(SolutionProperties) = preSolution
		HideSolutionNode = FALSE
	EndGlobalSection
EndGlobal
