
Microsoft Visual Studio Solution File, Format Version 12.00
# Visual Studio 11
Project("{FAE04EC0-301F-11D3-BF4B-00C04F79EFBC}") = "CarEventsWithLambdas", "CarEventsWithLambdas.csproj", "{01C6C45F-EF27-43E6-8840-3CEBE4799FC8}"
EndProject
Global
	GlobalSection(SolutionConfigurationPlatforms) = preSolution
		Debug|Any CPU = Debug|Any CPU
		Release|Any CPU = Release|Any CPU
	EndGlobalSection
	GlobalSection(ProjectConfigurationPlatforms) = postSolution
		{01C6C45F-EF27-43E6-8840-3CEBE4799FC8}.Debug|Any CPU.ActiveCfg = Debug|Any CPU
		{01C6C45F-EF27-43E6-8840-3CEBE4799FC8}.Debug|Any CPU.Build.0 = Debug|Any CPU
		{01C6C45F-EF27-43E6-8840-3CEBE4799FC8}.Release|Any CPU.ActiveCfg = Release|Any CPU
		{01C6C45F-EF27-43E6-8840-3CEBE4799FC8}.Release|Any CPU.Build.0 = Release|Any CPU
	EndGlobalSection
	GlobalSection(SolutionProperties) = preSolution
		HideSolutionNode = FALSE
	EndGlobalSection
EndGlobal
