
Microsoft Visual Studio Solution File, Format Version 12.00
# Visual Studio 11
Project("{FAE04EC0-301F-11D3-BF4B-00C04F79EFBC}") = "CarLibrary", "CarLibrary.csproj", "{FD6CE4FF-223C-4399-BC88-0ABC5CE43573}"
EndProject
Global
	GlobalSection(SolutionConfigurationPlatforms) = preSolution
		Debug|Any CPU = Debug|Any CPU
		Release|Any CPU = Release|Any CPU
	EndGlobalSection
	GlobalSection(ProjectConfigurationPlatforms) = postSolution
		{FD6CE4FF-223C-4399-BC88-0ABC5CE43573}.Debug|Any CPU.ActiveCfg = Debug|Any CPU
		{FD6CE4FF-223C-4399-BC88-0ABC5CE43573}.Debug|Any CPU.Build.0 = Debug|Any CPU
		{FD6CE4FF-223C-4399-BC88-0ABC5CE43573}.Release|Any CPU.ActiveCfg = Release|Any CPU
		{FD6CE4FF-223C-4399-BC88-0ABC5CE43573}.Release|Any CPU.Build.0 = Release|Any CPU
	EndGlobalSection
	GlobalSection(SolutionProperties) = preSolution
		HideSolutionNode = FALSE
	EndGlobalSection
EndGlobal
