
Microsoft Visual Studio Solution File, Format Version 12.00
# Visual Studio 11
Project("{FAE04EC0-301F-11D3-BF4B-00C04F79EFBC}") = "FunWithGenericCollections", "FunWithGenericCollections.csproj", "{23812707-75D8-4F09-90BE-E88805C55DCB}"
EndProject
Global
	GlobalSection(SolutionConfigurationPlatforms) = preSolution
		Debug|Any CPU = Debug|Any CPU
		Release|Any CPU = Release|Any CPU
	EndGlobalSection
	GlobalSection(ProjectConfigurationPlatforms) = postSolution
		{23812707-75D8-4F09-90BE-E88805C55DCB}.Debug|Any CPU.ActiveCfg = Debug|Any CPU
		{23812707-75D8-4F09-90BE-E88805C55DCB}.Debug|Any CPU.Build.0 = Debug|Any CPU
		{23812707-75D8-4F09-90BE-E88805C55DCB}.Release|Any CPU.ActiveCfg = Release|Any CPU
		{23812707-75D8-4F09-90BE-E88805C55DCB}.Release|Any CPU.Build.0 = Release|Any CPU
	EndGlobalSection
	GlobalSection(SolutionProperties) = preSolution
		HideSolutionNode = FALSE
	EndGlobalSection
EndGlobal
