
Microsoft Visual Studio Solution File, Format Version 12.00
# Visual Studio 11
Project("{FAE04EC0-301F-11D3-BF4B-00C04F79EFBC}") = "FunWithStructures", "FunWithStructures.csproj", "{FC60F2CC-6265-4C13-ABA6-AFE3CA1E4E9C}"
EndProject
Global
	GlobalSection(SolutionConfigurationPlatforms) = preSolution
		Debug|Any CPU = Debug|Any CPU
		Release|Any CPU = Release|Any CPU
	EndGlobalSection
	GlobalSection(ProjectConfigurationPlatforms) = postSolution
		{FC60F2CC-6265-4C13-ABA6-AFE3CA1E4E9C}.Debug|Any CPU.ActiveCfg = Debug|Any CPU
		{FC60F2CC-6265-4C13-ABA6-AFE3CA1E4E9C}.Debug|Any CPU.Build.0 = Debug|Any CPU
		{FC60F2CC-6265-4C13-ABA6-AFE3CA1E4E9C}.Release|Any CPU.ActiveCfg = Release|Any CPU
		{FC60F2CC-6265-4C13-ABA6-AFE3CA1E4E9C}.Release|Any CPU.Build.0 = Release|Any CPU
	EndGlobalSection
	GlobalSection(SolutionProperties) = preSolution
		HideSolutionNode = FALSE
	EndGlobalSection
EndGlobal
