
Microsoft Visual Studio Solution File, Format Version 12.00
# Visual Studio 11
Project("{FAE04EC0-301F-11D3-BF4B-00C04F79EFBC}") = "ValueAndReferenceTypes", "ValueAndReferenceTypes.csproj", "{1387D04A-B707-488E-A02B-45AF2DB7552B}"
EndProject
Global
	GlobalSection(SolutionConfigurationPlatforms) = preSolution
		Debug|Any CPU = Debug|Any CPU
		Release|Any CPU = Release|Any CPU
	EndGlobalSection
	GlobalSection(ProjectConfigurationPlatforms) = postSolution
		{1387D04A-B707-488E-A02B-45AF2DB7552B}.Debug|Any CPU.ActiveCfg = Debug|Any CPU
		{1387D04A-B707-488E-A02B-45AF2DB7552B}.Debug|Any CPU.Build.0 = Debug|Any CPU
		{1387D04A-B707-488E-A02B-45AF2DB7552B}.Release|Any CPU.ActiveCfg = Release|Any CPU
		{1387D04A-B707-488E-A02B-45AF2DB7552B}.Release|Any CPU.Build.0 = Release|Any CPU
	EndGlobalSection
	GlobalSection(SolutionProperties) = preSolution
		HideSolutionNode = FALSE
	EndGlobalSection
EndGlobal
