
Microsoft Visual Studio Solution File, Format Version 12.00
# Visual Studio 11
Project("{FAE04EC0-301F-11D3-BF4B-00C04F79EFBC}") = "BasicConsoleIO", "BasicConsoleIO.csproj", "{F1AA0329-B06C-447C-9104-D82A0773916B}"
EndProject
Global
	GlobalSection(SolutionConfigurationPlatforms) = preSolution
		Debug|Any CPU = Debug|Any CPU
		Release|Any CPU = Release|Any CPU
	EndGlobalSection
	GlobalSection(ProjectConfigurationPlatforms) = postSolution
		{F1AA0329-B06C-447C-9104-D82A0773916B}.Debug|Any CPU.ActiveCfg = Debug|Any CPU
		{F1AA0329-B06C-447C-9104-D82A0773916B}.Debug|Any CPU.Build.0 = Debug|Any CPU
		{F1AA0329-B06C-447C-9104-D82A0773916B}.Release|Any CPU.ActiveCfg = Release|Any CPU
		{F1AA0329-B06C-447C-9104-D82A0773916B}.Release|Any CPU.Build.0 = Release|Any CPU
	EndGlobalSection
	GlobalSection(SolutionProperties) = preSolution
		HideSolutionNode = FALSE
	EndGlobalSection
EndGlobal
