
Microsoft Visual Studio Solution File, Format Version 12.00
# Visual Studio 11
Project("{FAE04EC0-301F-11D3-BF4B-00C04F79EFBC}") = "CustomEnumeratorWithYield", "CustomEnumeratorWithYield.csproj", "{C98DF4A7-C808-4029-A543-8C652A16E548}"
EndProject
Global
	GlobalSection(SolutionConfigurationPlatforms) = preSolution
		Debug|Any CPU = Debug|Any CPU
		Release|Any CPU = Release|Any CPU
	EndGlobalSection
	GlobalSection(ProjectConfigurationPlatforms) = postSolution
		{C98DF4A7-C808-4029-A543-8C652A16E548}.Debug|Any CPU.ActiveCfg = Debug|Any CPU
		{C98DF4A7-C808-4029-A543-8C652A16E548}.Debug|Any CPU.Build.0 = Debug|Any CPU
		{C98DF4A7-C808-4029-A543-8C652A16E548}.Release|Any CPU.ActiveCfg = Release|Any CPU
		{C98DF4A7-C808-4029-A543-8C652A16E548}.Release|Any CPU.Build.0 = Release|Any CPU
	EndGlobalSection
	GlobalSection(SolutionProperties) = preSolution
		HideSolutionNode = FALSE
	EndGlobalSection
EndGlobal
