
Microsoft Visual Studio Solution File, Format Version 12.00
# Visual Studio 11
Project("{FAE04EC0-301F-11D3-BF4B-00C04F79EFBC}") = "FunWithArrays", "FunWithArrays.csproj", "{FA96396B-EEB6-4A63-A46E-6A2ED06F4E85}"
EndProject
Global
	GlobalSection(SolutionConfigurationPlatforms) = preSolution
		Debug|Any CPU = Debug|Any CPU
		Release|Any CPU = Release|Any CPU
	EndGlobalSection
	GlobalSection(ProjectConfigurationPlatforms) = postSolution
		{FA96396B-EEB6-4A63-A46E-6A2ED06F4E85}.Debug|Any CPU.ActiveCfg = Debug|Any CPU
		{FA96396B-EEB6-4A63-A46E-6A2ED06F4E85}.Debug|Any CPU.Build.0 = Debug|Any CPU
		{FA96396B-EEB6-4A63-A46E-6A2ED06F4E85}.Release|Any CPU.ActiveCfg = Release|Any CPU
		{FA96396B-EEB6-4A63-A46E-6A2ED06F4E85}.Release|Any CPU.Build.0 = Release|Any CPU
	EndGlobalSection
	GlobalSection(SolutionProperties) = preSolution
		HideSolutionNode = FALSE
	EndGlobalSection
EndGlobal
