
Microsoft Visual Studio Solution File, Format Version 12.00
# Visual Studio 2012
Project("{FAE04EC0-301F-11D3-BF4B-00C04F79EFBC}") = "CustomDepPropApp", "CustomDepPropApp.csproj", "{75AE1E95-5912-4B76-8B5B-68A1844EF6E8}"
EndProject
Global
	GlobalSection(SolutionConfigurationPlatforms) = preSolution
		Debug|Any CPU = Debug|Any CPU
		Debug|Mixed Platforms = Debug|Mixed Platforms
		Debug|x86 = Debug|x86
		Release|Any CPU = Release|Any CPU
		Release|Mixed Platforms = Release|Mixed Platforms
		Release|x86 = Release|x86
	EndGlobalSection
	GlobalSection(ProjectConfigurationPlatforms) = postSolution
		{75AE1E95-5912-4B76-8B5B-68A1844EF6E8}.Debug|Any CPU.ActiveCfg = Debug|x86
		{75AE1E95-5912-4B76-8B5B-68A1844EF6E8}.Debug|Mixed Platforms.ActiveCfg = Debug|x86
		{75AE1E95-5912-4B76-8B5B-68A1844EF6E8}.Debug|Mixed Platforms.Build.0 = Debug|x86
		{75AE1E95-5912-4B76-8B5B-68A1844EF6E8}.Debug|x86.ActiveCfg = Debug|x86
		{75AE1E95-5912-4B76-8B5B-68A1844EF6E8}.Debug|x86.Build.0 = Debug|x86
		{75AE1E95-5912-4B76-8B5B-68A1844EF6E8}.Release|Any CPU.ActiveCfg = Release|x86
		{75AE1E95-5912-4B76-8B5B-68A1844EF6E8}.Release|Mixed Platforms.ActiveCfg = Release|x86
		{75AE1E95-5912-4B76-8B5B-68A1844EF6E8}.Release|Mixed Platforms.Build.0 = Release|x86
		{75AE1E95-5912-4B76-8B5B-68A1844EF6E8}.Release|x86.ActiveCfg = Release|x86
		{75AE1E95-5912-4B76-8B5B-68A1844EF6E8}.Release|x86.Build.0 = Release|x86
	EndGlobalSection
	GlobalSection(SolutionProperties) = preSolution
		HideSolutionNode = FALSE
	EndGlobalSection
EndGlobal
