
Microsoft Visual Studio Solution File, Format Version 12.00
# Visual Studio 11
Project("{FAE04EC0-301F-11D3-BF4B-00C04F79EFBC}") = "InterfaceNameClash", "InterfaceNameClash.csproj", "{10E9B6BA-0C01-4041-80F1-2BA0AB4E8A70}"
EndProject
Global
	GlobalSection(SolutionConfigurationPlatforms) = preSolution
		Debug|Any CPU = Debug|Any CPU
		Release|Any CPU = Release|Any CPU
	EndGlobalSection
	GlobalSection(ProjectConfigurationPlatforms) = postSolution
		{10E9B6BA-0C01-4041-80F1-2BA0AB4E8A70}.Debug|Any CPU.ActiveCfg = Debug|Any CPU
		{10E9B6BA-0C01-4041-80F1-2BA0AB4E8A70}.Debug|Any CPU.Build.0 = Debug|Any CPU
		{10E9B6BA-0C01-4041-80F1-2BA0AB4E8A70}.Release|Any CPU.ActiveCfg = Release|Any CPU
		{10E9B6BA-0C01-4041-80F1-2BA0AB4E8A70}.Release|Any CPU.Build.0 = Release|Any CPU
	EndGlobalSection
	GlobalSection(SolutionProperties) = preSolution
		HideSolutionNode = FALSE
	EndGlobalSection
EndGlobal
